
Microsoft Visual Studio Solution File, Format Version 12.00
# Visual Studio Version 17
VisualStudioVersion = 17.5.002.0
MinimumVisualStudioVersion = 10.0.40219.1
Project("{2150E333-8FDC-42A3-9474-1A3956D46DE8}") = "src", "src", "{66199F16-CB0A-47F2-86BB-FE53FAF166AE}"
EndProject
Project("{9A19103F-16F7-4668-BE54-9A1E7A4F7556}") = "JaegerOpenTelemetryMonitoring.Api", "src\JaegerOpenTelemetryMonitoring.Api\JaegerOpenTelemetryMonitoring.Api.csproj", "{C423FBAC-7023-4A5C-9130-AC3F400D69CA}"
EndProject
Global
	GlobalSection(SolutionConfigurationPlatforms) = preSolution
		Debug|Any CPU = Debug|Any CPU
		Release|Any CPU = Release|Any CPU
	EndGlobalSection
	GlobalSection(ProjectConfigurationPlatforms) = postSolution
		{C423FBAC-7023-4A5C-9130-AC3F400D69CA}.Debug|Any CPU.ActiveCfg = Debug|Any CPU
		{C423FBAC-7023-4A5C-9130-AC3F400D69CA}.Debug|Any CPU.Build.0 = Debug|Any CPU
		{C423FBAC-7023-4A5C-9130-AC3F400D69CA}.Release|Any CPU.ActiveCfg = Release|Any CPU
		{C423FBAC-7023-4A5C-9130-AC3F400D69CA}.Release|Any CPU.Build.0 = Release|Any CPU
	EndGlobalSection
	GlobalSection(SolutionProperties) = preSolution
		HideSolutionNode = FALSE
	EndGlobalSection
	GlobalSection(NestedProjects) = preSolution
		{C423FBAC-7023-4A5C-9130-AC3F400D69CA} = {66199F16-CB0A-47F2-86BB-FE53FAF166AE}
	EndGlobalSection
	GlobalSection(ExtensibilityGlobals) = postSolution
		SolutionGuid = {67129B94-5757-4CB1-B192-9A47CC4D5A57}
	EndGlobalSection
EndGlobal
