
Microsoft Visual Studio Solution File, Format Version 12.00
# Visual Studio Version 17
VisualStudioVersion = 17.5.002.0
MinimumVisualStudioVersion = 10.0.40219.1
Project("{9A19103F-16F7-4668-BE54-9A1E7A4F7556}") = "StreamUpload.WebApi", "StreamUpload.WebApi\StreamUpload.WebApi.csproj", "{E1BD30E4-25EA-447F-BD1B-61911A42CE9F}"
EndProject
Project("{FAE04EC0-301F-11D3-BF4B-00C04F79EFBC}") = "StreamUpload.Console", "StreamUpload.Console\StreamUpload.Console.csproj", "{E02FC14D-9E91-43EA-A3BF-342ADB04EA6D}"
EndProject
Project("{FAE04EC0-301F-11D3-BF4B-00C04F79EFBC}") = "StreamUpload.Winforms", "StreamUpload.Winforms\StreamUpload.Winforms.csproj", "{FB7109B7-6072-40FB-9960-BB986832D6E3}"
EndProject
Global
	GlobalSection(SolutionConfigurationPlatforms) = preSolution
		Debug|Any CPU = Debug|Any CPU
		Release|Any CPU = Release|Any CPU
	EndGlobalSection
	GlobalSection(ProjectConfigurationPlatforms) = postSolution
		{E1BD30E4-25EA-447F-BD1B-61911A42CE9F}.Debug|Any CPU.ActiveCfg = Debug|Any CPU
		{E1BD30E4-25EA-447F-BD1B-61911A42CE9F}.Debug|Any CPU.Build.0 = Debug|Any CPU
		{E1BD30E4-25EA-447F-BD1B-61911A42CE9F}.Release|Any CPU.ActiveCfg = Release|Any CPU
		{E1BD30E4-25EA-447F-BD1B-61911A42CE9F}.Release|Any CPU.Build.0 = Release|Any CPU
		{E02FC14D-9E91-43EA-A3BF-342ADB04EA6D}.Debug|Any CPU.ActiveCfg = Debug|Any CPU
		{E02FC14D-9E91-43EA-A3BF-342ADB04EA6D}.Debug|Any CPU.Build.0 = Debug|Any CPU
		{E02FC14D-9E91-43EA-A3BF-342ADB04EA6D}.Release|Any CPU.ActiveCfg = Release|Any CPU
		{E02FC14D-9E91-43EA-A3BF-342ADB04EA6D}.Release|Any CPU.Build.0 = Release|Any CPU
		{FB7109B7-6072-40FB-9960-BB986832D6E3}.Debug|Any CPU.ActiveCfg = Debug|Any CPU
		{FB7109B7-6072-40FB-9960-BB986832D6E3}.Debug|Any CPU.Build.0 = Debug|Any CPU
		{FB7109B7-6072-40FB-9960-BB986832D6E3}.Release|Any CPU.ActiveCfg = Release|Any CPU
		{FB7109B7-6072-40FB-9960-BB986832D6E3}.Release|Any CPU.Build.0 = Release|Any CPU
	EndGlobalSection
	GlobalSection(SolutionProperties) = preSolution
		HideSolutionNode = FALSE
	EndGlobalSection
	GlobalSection(ExtensibilityGlobals) = postSolution
		SolutionGuid = {C88B6415-6E74-4C2E-A864-8AA7950927A4}
	EndGlobalSection
EndGlobal
